
Microsoft Visual Studio Solution File, Format Version 12.00
# Visual Studio Version 17
VisualStudioVersion = 17.8.34601.278
MinimumVisualStudioVersion = 10.0.40219.1
Project("{9A19103F-16F7-4668-BE54-9A1E7A4F7556}") = "ClaimService", "ClaimService.csproj", "{A03C7870-13E7-434E-BFB5-DC3645DEEE4E}"
EndProject
Global
	GlobalSection(SolutionConfigurationPlatforms) = preSolution
		Debug|Any CPU = Debug|Any CPU
		Release|Any CPU = Release|Any CPU
	EndGlobalSection
	GlobalSection(ProjectConfigurationPlatforms) = postSolution
		{A03C7870-13E7-434E-BFB5-DC3645DEEE4E}.Debug|Any CPU.ActiveCfg = Debug|Any CPU
		{A03C7870-13E7-434E-BFB5-DC3645DEEE4E}.Debug|Any CPU.Build.0 = Debug|Any CPU
		{A03C7870-13E7-434E-BFB5-DC3645DEEE4E}.Release|Any CPU.ActiveCfg = Release|Any CPU
		{A03C7870-13E7-434E-BFB5-DC3645DEEE4E}.Release|Any CPU.Build.0 = Release|Any CPU
	EndGlobalSection
	GlobalSection(SolutionProperties) = preSolution
		HideSolutionNode = FALSE
	EndGlobalSection
	GlobalSection(ExtensibilityGlobals) = postSolution
		SolutionGuid = {B63A5DD1-EBE4-41CB-A2CF-FBFC80530FEA}
	EndGlobalSection
EndGlobal
