
Microsoft Visual Studio Solution File, Format Version 12.00
# Visual Studio Version 17
VisualStudioVersion = 17.8.34601.278
MinimumVisualStudioVersion = 10.0.40219.1
Project("{9A19103F-16F7-4668-BE54-9A1E7A4F7556}") = "FoundItemService", "FoundItemService.csproj", "{FA078ED0-EDEB-4C57-8516-93D26291AC1A}"
EndProject
Global
	GlobalSection(SolutionConfigurationPlatforms) = preSolution
		Debug|Any CPU = Debug|Any CPU
		Release|Any CPU = Release|Any CPU
	EndGlobalSection
	GlobalSection(ProjectConfigurationPlatforms) = postSolution
		{FA078ED0-EDEB-4C57-8516-93D26291AC1A}.Debug|Any CPU.ActiveCfg = Debug|Any CPU
		{FA078ED0-EDEB-4C57-8516-93D26291AC1A}.Debug|Any CPU.Build.0 = Debug|Any CPU
		{FA078ED0-EDEB-4C57-8516-93D26291AC1A}.Release|Any CPU.ActiveCfg = Release|Any CPU
		{FA078ED0-EDEB-4C57-8516-93D26291AC1A}.Release|Any CPU.Build.0 = Release|Any CPU
	EndGlobalSection
	GlobalSection(SolutionProperties) = preSolution
		HideSolutionNode = FALSE
	EndGlobalSection
	GlobalSection(ExtensibilityGlobals) = postSolution
		SolutionGuid = {70853D5D-A8DA-41C6-B925-61A58229E09B}
	EndGlobalSection
EndGlobal
